
Microsoft Visual Studio Solution File, Format Version 12.00
Project("{FAE04EC0-301F-11D3-BF4B-00C04F79EFBC}") = "AssessmentOne", "AssessmentOne\AssessmentOne.csproj", "{EA25CFB5-804F-4A43-BBB7-2CBBF2DE980E}"
EndProject
Project("{FAE04EC0-301F-11D3-BF4B-00C04F79EFBC}") = "AssessmentOne.Tests", "AssessmentOne.Tests\AssessmentOne.Tests.csproj", "{7541665C-1F27-4BB6-8A02-661356C2165E}"
EndProject
Global
	GlobalSection(SolutionConfigurationPlatforms) = preSolution
		Debug|Any CPU = Debug|Any CPU
		Release|Any CPU = Release|Any CPU
	EndGlobalSection
	GlobalSection(ProjectConfigurationPlatforms) = postSolution
		{EA25CFB5-804F-4A43-BBB7-2CBBF2DE980E}.Debug|Any CPU.ActiveCfg = Debug|Any CPU
		{EA25CFB5-804F-4A43-BBB7-2CBBF2DE980E}.Debug|Any CPU.Build.0 = Debug|Any CPU
		{EA25CFB5-804F-4A43-BBB7-2CBBF2DE980E}.Release|Any CPU.ActiveCfg = Release|Any CPU
		{EA25CFB5-804F-4A43-BBB7-2CBBF2DE980E}.Release|Any CPU.Build.0 = Release|Any CPU
		{7541665C-1F27-4BB6-8A02-661356C2165E}.Debug|Any CPU.ActiveCfg = Debug|Any CPU
		{7541665C-1F27-4BB6-8A02-661356C2165E}.Debug|Any CPU.Build.0 = Debug|Any CPU
		{7541665C-1F27-4BB6-8A02-661356C2165E}.Release|Any CPU.ActiveCfg = Release|Any CPU
		{7541665C-1F27-4BB6-8A02-661356C2165E}.Release|Any CPU.Build.0 = Release|Any CPU
	EndGlobalSection
EndGlobal
